
Microsoft Visual Studio Solution File, Format Version 12.00
# Visual Studio Version 17
VisualStudioVersion = 17.3.32825.248
MinimumVisualStudioVersion = 10.0.40219.1
Project("{9A19103F-16F7-4668-BE54-9A1E7A4F7556}") = "HomeWork1", "HomeWork1\HomeWork1.csproj", "{387D15BF-1FD0-40DA-9E02-AF6E4E35C142}"
EndProject
Project("{9A19103F-16F7-4668-BE54-9A1E7A4F7556}") = "HomeWork2", "HomeWork2\HomeWork2.csproj", "{1DD15D8D-9040-47E8-8860-D3600E3A20BC}"
EndProject
Project("{FAE04EC0-301F-11D3-BF4B-00C04F79EFBC}") = "HomeWork3", "HomeWork3\HomeWork3.csproj", "{4842BE0C-269D-4D91-B8AE-4FF08216ED68}"
EndProject
Global
	GlobalSection(SolutionConfigurationPlatforms) = preSolution
		Debug|Any CPU = Debug|Any CPU
		Release|Any CPU = Release|Any CPU
	EndGlobalSection
	GlobalSection(ProjectConfigurationPlatforms) = postSolution
		{387D15BF-1FD0-40DA-9E02-AF6E4E35C142}.Debug|Any CPU.ActiveCfg = Debug|Any CPU
		{387D15BF-1FD0-40DA-9E02-AF6E4E35C142}.Debug|Any CPU.Build.0 = Debug|Any CPU
		{387D15BF-1FD0-40DA-9E02-AF6E4E35C142}.Release|Any CPU.ActiveCfg = Release|Any CPU
		{387D15BF-1FD0-40DA-9E02-AF6E4E35C142}.Release|Any CPU.Build.0 = Release|Any CPU
		{1DD15D8D-9040-47E8-8860-D3600E3A20BC}.Debug|Any CPU.ActiveCfg = Debug|Any CPU
		{1DD15D8D-9040-47E8-8860-D3600E3A20BC}.Debug|Any CPU.Build.0 = Debug|Any CPU
		{1DD15D8D-9040-47E8-8860-D3600E3A20BC}.Release|Any CPU.ActiveCfg = Release|Any CPU
		{1DD15D8D-9040-47E8-8860-D3600E3A20BC}.Release|Any CPU.Build.0 = Release|Any CPU
		{4842BE0C-269D-4D91-B8AE-4FF08216ED68}.Debug|Any CPU.ActiveCfg = Debug|Any CPU
		{4842BE0C-269D-4D91-B8AE-4FF08216ED68}.Debug|Any CPU.Build.0 = Debug|Any CPU
		{4842BE0C-269D-4D91-B8AE-4FF08216ED68}.Release|Any CPU.ActiveCfg = Release|Any CPU
		{4842BE0C-269D-4D91-B8AE-4FF08216ED68}.Release|Any CPU.Build.0 = Release|Any CPU
	EndGlobalSection
	GlobalSection(SolutionProperties) = preSolution
		HideSolutionNode = FALSE
	EndGlobalSection
	GlobalSection(ExtensibilityGlobals) = postSolution
		SolutionGuid = {6862EC33-EC77-4160-986F-5AC60EAD1D05}
	EndGlobalSection
EndGlobal
