
Microsoft Visual Studio Solution File, Format Version 12.00
# Visual Studio Version 17
VisualStudioVersion = 17.3.32825.248
MinimumVisualStudioVersion = 10.0.40219.1
Project("{9A19103F-16F7-4668-BE54-9A1E7A4F7556}") = "Task", "HomeWork1\Task.csproj", "{387D15BF-1FD0-40DA-9E02-AF6E4E35C142}"
EndProject
Project("{9A19103F-16F7-4668-BE54-9A1E7A4F7556}") = "Task1", "HomeWork3\Task1.csproj", "{4842BE0C-269D-4D91-B8AE-4FF08216ED68}"
EndProject
Project("{2150E333-8FDC-42A3-9474-1A3956D46DE8}") = "HomeWork2", "HomeWork2", "{8A2834EC-30A1-4CC2-BA1C-1B2AACD0DC66}"
EndProject
Project("{9A19103F-16F7-4668-BE54-9A1E7A4F7556}") = "21Game", "21Game\21Game.csproj", "{3D947B7E-8749-4F4A-981D-CEDF29EB9BAA}"
EndProject
Project("{9A19103F-16F7-4668-BE54-9A1E7A4F7556}") = "EvenOrOdd", "EvenOrOdd\EvenOrOdd.csproj", "{D13DAE56-95A0-4D21-8456-E1E22A482B61}"
EndProject
Project("{9A19103F-16F7-4668-BE54-9A1E7A4F7556}") = "PrimeNumber", "PrimeNumber\PrimeNumber.csproj", "{C14BE88B-A0C8-41CC-81D9-6AC1252747C2}"
EndProject
Project("{9A19103F-16F7-4668-BE54-9A1E7A4F7556}") = "MinNumber", "MinNumber\MinNumber.csproj", "{77687815-AB71-4D2F-A273-4727073B6BE4}"
EndProject
Project("{9A19103F-16F7-4668-BE54-9A1E7A4F7556}") = "GuessTheNumber", "GuessTheNumber\GuessTheNumber.csproj", "{5CECEC75-847F-4D19-911D-EAF068A131E0}"
EndProject
Project("{2150E333-8FDC-42A3-9474-1A3956D46DE8}") = "HomeWork1", "HomeWork1", "{631419E0-12D6-44F9-B81D-84ABBB41FE1E}"
EndProject
Project("{2150E333-8FDC-42A3-9474-1A3956D46DE8}") = "HomeWork3", "HomeWork3", "{0E93AEE2-0873-43D9-B553-3B6B88CFEA3C}"
EndProject
Project("{FAE04EC0-301F-11D3-BF4B-00C04F79EFBC}") = "Task2", "Task2\Task2.csproj", "{E40E28FD-3454-4004-8901-9BE2BAFEB1C6}"
EndProject
Project("{FAE04EC0-301F-11D3-BF4B-00C04F79EFBC}") = "Task3", "Task3\Task3.csproj", "{6287AAA5-503B-4D9F-B960-8876DB42A35E}"
EndProject
Project("{2150E333-8FDC-42A3-9474-1A3956D46DE8}") = "HomeWork4", "HomeWork4", "{490026CE-0C6A-44CD-A465-D1A834720DA6}"
EndProject
Project("{FAE04EC0-301F-11D3-BF4B-00C04F79EFBC}") = "Task1", "Task1\Task1.csproj", "{B61A4478-47AF-4E0D-93DB-7C828FF634FE}"
EndProject
Project("{FAE04EC0-301F-11D3-BF4B-00C04F79EFBC}") = "Task2", "..\HomeWork4\Task2\Task2.csproj", "{F8F91A8B-2D6E-4563-8C6A-BBA49EE87B39}"
EndProject
Global
	GlobalSection(SolutionConfigurationPlatforms) = preSolution
		Debug|Any CPU = Debug|Any CPU
		Release|Any CPU = Release|Any CPU
	EndGlobalSection
	GlobalSection(ProjectConfigurationPlatforms) = postSolution
		{387D15BF-1FD0-40DA-9E02-AF6E4E35C142}.Debug|Any CPU.ActiveCfg = Debug|Any CPU
		{387D15BF-1FD0-40DA-9E02-AF6E4E35C142}.Debug|Any CPU.Build.0 = Debug|Any CPU
		{387D15BF-1FD0-40DA-9E02-AF6E4E35C142}.Release|Any CPU.ActiveCfg = Release|Any CPU
		{387D15BF-1FD0-40DA-9E02-AF6E4E35C142}.Release|Any CPU.Build.0 = Release|Any CPU
		{4842BE0C-269D-4D91-B8AE-4FF08216ED68}.Debug|Any CPU.ActiveCfg = Debug|Any CPU
		{4842BE0C-269D-4D91-B8AE-4FF08216ED68}.Debug|Any CPU.Build.0 = Debug|Any CPU
		{4842BE0C-269D-4D91-B8AE-4FF08216ED68}.Release|Any CPU.ActiveCfg = Release|Any CPU
		{4842BE0C-269D-4D91-B8AE-4FF08216ED68}.Release|Any CPU.Build.0 = Release|Any CPU
		{3D947B7E-8749-4F4A-981D-CEDF29EB9BAA}.Debug|Any CPU.ActiveCfg = Debug|Any CPU
		{3D947B7E-8749-4F4A-981D-CEDF29EB9BAA}.Debug|Any CPU.Build.0 = Debug|Any CPU
		{3D947B7E-8749-4F4A-981D-CEDF29EB9BAA}.Release|Any CPU.ActiveCfg = Release|Any CPU
		{3D947B7E-8749-4F4A-981D-CEDF29EB9BAA}.Release|Any CPU.Build.0 = Release|Any CPU
		{D13DAE56-95A0-4D21-8456-E1E22A482B61}.Debug|Any CPU.ActiveCfg = Debug|Any CPU
		{D13DAE56-95A0-4D21-8456-E1E22A482B61}.Debug|Any CPU.Build.0 = Debug|Any CPU
		{D13DAE56-95A0-4D21-8456-E1E22A482B61}.Release|Any CPU.ActiveCfg = Release|Any CPU
		{D13DAE56-95A0-4D21-8456-E1E22A482B61}.Release|Any CPU.Build.0 = Release|Any CPU
		{C14BE88B-A0C8-41CC-81D9-6AC1252747C2}.Debug|Any CPU.ActiveCfg = Debug|Any CPU
		{C14BE88B-A0C8-41CC-81D9-6AC1252747C2}.Debug|Any CPU.Build.0 = Debug|Any CPU
		{C14BE88B-A0C8-41CC-81D9-6AC1252747C2}.Release|Any CPU.ActiveCfg = Release|Any CPU
		{C14BE88B-A0C8-41CC-81D9-6AC1252747C2}.Release|Any CPU.Build.0 = Release|Any CPU
		{77687815-AB71-4D2F-A273-4727073B6BE4}.Debug|Any CPU.ActiveCfg = Debug|Any CPU
		{77687815-AB71-4D2F-A273-4727073B6BE4}.Debug|Any CPU.Build.0 = Debug|Any CPU
		{77687815-AB71-4D2F-A273-4727073B6BE4}.Release|Any CPU.ActiveCfg = Release|Any CPU
		{77687815-AB71-4D2F-A273-4727073B6BE4}.Release|Any CPU.Build.0 = Release|Any CPU
		{5CECEC75-847F-4D19-911D-EAF068A131E0}.Debug|Any CPU.ActiveCfg = Debug|Any CPU
		{5CECEC75-847F-4D19-911D-EAF068A131E0}.Debug|Any CPU.Build.0 = Debug|Any CPU
		{5CECEC75-847F-4D19-911D-EAF068A131E0}.Release|Any CPU.ActiveCfg = Release|Any CPU
		{5CECEC75-847F-4D19-911D-EAF068A131E0}.Release|Any CPU.Build.0 = Release|Any CPU
		{E40E28FD-3454-4004-8901-9BE2BAFEB1C6}.Debug|Any CPU.ActiveCfg = Debug|Any CPU
		{E40E28FD-3454-4004-8901-9BE2BAFEB1C6}.Debug|Any CPU.Build.0 = Debug|Any CPU
		{E40E28FD-3454-4004-8901-9BE2BAFEB1C6}.Release|Any CPU.ActiveCfg = Release|Any CPU
		{E40E28FD-3454-4004-8901-9BE2BAFEB1C6}.Release|Any CPU.Build.0 = Release|Any CPU
		{6287AAA5-503B-4D9F-B960-8876DB42A35E}.Debug|Any CPU.ActiveCfg = Debug|Any CPU
		{6287AAA5-503B-4D9F-B960-8876DB42A35E}.Debug|Any CPU.Build.0 = Debug|Any CPU
		{6287AAA5-503B-4D9F-B960-8876DB42A35E}.Release|Any CPU.ActiveCfg = Release|Any CPU
		{6287AAA5-503B-4D9F-B960-8876DB42A35E}.Release|Any CPU.Build.0 = Release|Any CPU
		{B61A4478-47AF-4E0D-93DB-7C828FF634FE}.Debug|Any CPU.ActiveCfg = Debug|Any CPU
		{B61A4478-47AF-4E0D-93DB-7C828FF634FE}.Debug|Any CPU.Build.0 = Debug|Any CPU
		{B61A4478-47AF-4E0D-93DB-7C828FF634FE}.Release|Any CPU.ActiveCfg = Release|Any CPU
		{B61A4478-47AF-4E0D-93DB-7C828FF634FE}.Release|Any CPU.Build.0 = Release|Any CPU
		{F8F91A8B-2D6E-4563-8C6A-BBA49EE87B39}.Debug|Any CPU.ActiveCfg = Debug|Any CPU
		{F8F91A8B-2D6E-4563-8C6A-BBA49EE87B39}.Debug|Any CPU.Build.0 = Debug|Any CPU
		{F8F91A8B-2D6E-4563-8C6A-BBA49EE87B39}.Release|Any CPU.ActiveCfg = Release|Any CPU
		{F8F91A8B-2D6E-4563-8C6A-BBA49EE87B39}.Release|Any CPU.Build.0 = Release|Any CPU
	EndGlobalSection
	GlobalSection(SolutionProperties) = preSolution
		HideSolutionNode = FALSE
	EndGlobalSection
	GlobalSection(NestedProjects) = preSolution
		{387D15BF-1FD0-40DA-9E02-AF6E4E35C142} = {631419E0-12D6-44F9-B81D-84ABBB41FE1E}
		{4842BE0C-269D-4D91-B8AE-4FF08216ED68} = {0E93AEE2-0873-43D9-B553-3B6B88CFEA3C}
		{3D947B7E-8749-4F4A-981D-CEDF29EB9BAA} = {8A2834EC-30A1-4CC2-BA1C-1B2AACD0DC66}
		{D13DAE56-95A0-4D21-8456-E1E22A482B61} = {8A2834EC-30A1-4CC2-BA1C-1B2AACD0DC66}
		{C14BE88B-A0C8-41CC-81D9-6AC1252747C2} = {8A2834EC-30A1-4CC2-BA1C-1B2AACD0DC66}
		{77687815-AB71-4D2F-A273-4727073B6BE4} = {8A2834EC-30A1-4CC2-BA1C-1B2AACD0DC66}
		{5CECEC75-847F-4D19-911D-EAF068A131E0} = {8A2834EC-30A1-4CC2-BA1C-1B2AACD0DC66}
		{E40E28FD-3454-4004-8901-9BE2BAFEB1C6} = {0E93AEE2-0873-43D9-B553-3B6B88CFEA3C}
		{6287AAA5-503B-4D9F-B960-8876DB42A35E} = {0E93AEE2-0873-43D9-B553-3B6B88CFEA3C}
		{B61A4478-47AF-4E0D-93DB-7C828FF634FE} = {490026CE-0C6A-44CD-A465-D1A834720DA6}
		{F8F91A8B-2D6E-4563-8C6A-BBA49EE87B39} = {490026CE-0C6A-44CD-A465-D1A834720DA6}
	EndGlobalSection
	GlobalSection(ExtensibilityGlobals) = postSolution
		SolutionGuid = {6862EC33-EC77-4160-986F-5AC60EAD1D05}
	EndGlobalSection
EndGlobal
